// !$*UTF8*$!
{
	archiveVersion = 1;
	classes = {
	};
	objectVersion = 50;
	objects = {

/* Begin PBXBuildFile section */
		D1835FE824CF83760035E791 /* TabBarController.swift in Sources */ = {isa = PBXBuildFile; fileRef = D1835FE724CF83760035E791 /* TabBarController.swift */; };
		D1835FF924D174CB0035E791 /* Constants.swift in Sources */ = {isa = PBXBuildFile; fileRef = D1835FF824D174CB0035E791 /* Constants.swift */; };
		D1835FFE24D1A8420035E791 /* SentimentClassificationService.swift in Sources */ = {isa = PBXBuildFile; fileRef = D1835FFD24D1A8420035E791 /* SentimentClassificationService.swift */; };
		D183600024D1A85B0035E791 /* VKSentimentAnalysis.mlmodel in Sources */ = {isa = PBXBuildFile; fileRef = D1835FFF24D1A85B0035E791 /* VKSentimentAnalysis.mlmodel */; };
		D183600724D1B48A0035E791 /* RecordedItemTableViewCell.swift in Sources */ = {isa = PBXBuildFile; fileRef = D183600624D1B48A0035E791 /* RecordedItemTableViewCell.swift */; };
		D183601024D2B9710035E791 /* AudioItem+CoreDataClass.swift in Sources */ = {isa = PBXBuildFile; fileRef = D183600E24D2B9710035E791 /* AudioItem+CoreDataClass.swift */; };
		D183601124D2B9710035E791 /* AudioItem+CoreDataProperties.swift in Sources */ = {isa = PBXBuildFile; fileRef = D183600F24D2B9710035E791 /* AudioItem+CoreDataProperties.swift */; };
		D1FCF2EA24CC4E1800BD5477 /* AppDelegate.swift in Sources */ = {isa = PBXBuildFile; fileRef = D1FCF2E924CC4E1800BD5477 /* AppDelegate.swift */; };
		D1FCF2EC24CC4E1800BD5477 /* SceneDelegate.swift in Sources */ = {isa = PBXBuildFile; fileRef = D1FCF2EB24CC4E1800BD5477 /* SceneDelegate.swift */; };
		D1FCF2F124CC4E1800BD5477 /* Main.storyboard in Resources */ = {isa = PBXBuildFile; fileRef = D1FCF2EF24CC4E1800BD5477 /* Main.storyboard */; };
		D1FCF2F424CC4E1800BD5477 /* Audio_Diary.xcdatamodeld in Sources */ = {isa = PBXBuildFile; fileRef = D1FCF2F224CC4E1800BD5477 /* Audio_Diary.xcdatamodeld */; };
		D1FCF2F624CC4E1C00BD5477 /* Assets.xcassets in Resources */ = {isa = PBXBuildFile; fileRef = D1FCF2F524CC4E1C00BD5477 /* Assets.xcassets */; };
		D1FCF2F924CC4E1C00BD5477 /* LaunchScreen.storyboard in Resources */ = {isa = PBXBuildFile; fileRef = D1FCF2F724CC4E1C00BD5477 /* LaunchScreen.storyboard */; };
		D1FCF30124CECD7B00BD5477 /* RecordViewController.swift in Sources */ = {isa = PBXBuildFile; fileRef = D1FCF30024CECD7B00BD5477 /* RecordViewController.swift */; };
		D1FCF30324CECD8A00BD5477 /* RecordingsViewController.swift in Sources */ = {isa = PBXBuildFile; fileRef = D1FCF30224CECD8A00BD5477 /* RecordingsViewController.swift */; };
		D1FCF30524CECD9B00BD5477 /* StatsViewController.swift in Sources */ = {isa = PBXBuildFile; fileRef = D1FCF30424CECD9B00BD5477 /* StatsViewController.swift */; };
		D1FCF30724CECDD300BD5477 /* DetailedRecordingViewController.swift in Sources */ = {isa = PBXBuildFile; fileRef = D1FCF30624CECDD300BD5477 /* DetailedRecordingViewController.swift */; };
/* End PBXBuildFile section */

/* Begin PBXFileReference section */
		D1835FE724CF83760035E791 /* TabBarController.swift */ = {isa = PBXFileReference; lastKnownFileType = sourcecode.swift; path = TabBarController.swift; sourceTree = "<group>"; };
		D1835FF824D174CB0035E791 /* Constants.swift */ = {isa = PBXFileReference; lastKnownFileType = sourcecode.swift; path = Constants.swift; sourceTree = "<group>"; };
		D1835FFD24D1A8420035E791 /* SentimentClassificationService.swift */ = {isa = PBXFileReference; fileEncoding = 4; lastKnownFileType = sourcecode.swift; path = SentimentClassificationService.swift; sourceTree = "<group>"; };
		D1835FFF24D1A85B0035E791 /* VKSentimentAnalysis.mlmodel */ = {isa = PBXFileReference; lastKnownFileType = file.mlmodel; path = VKSentimentAnalysis.mlmodel; sourceTree = "<group>"; };
		D183600624D1B48A0035E791 /* RecordedItemTableViewCell.swift */ = {isa = PBXFileReference; lastKnownFileType = sourcecode.swift; path = RecordedItemTableViewCell.swift; sourceTree = "<group>"; };
		D183600E24D2B9710035E791 /* AudioItem+CoreDataClass.swift */ = {isa = PBXFileReference; lastKnownFileType = sourcecode.swift; path = "AudioItem+CoreDataClass.swift"; sourceTree = "<group>"; };
		D183600F24D2B9710035E791 /* AudioItem+CoreDataProperties.swift */ = {isa = PBXFileReference; lastKnownFileType = sourcecode.swift; path = "AudioItem+CoreDataProperties.swift"; sourceTree = "<group>"; };
		D1FCF2E624CC4E1800BD5477 /* AudioDiary.app */ = {isa = PBXFileReference; explicitFileType = wrapper.application; includeInIndex = 0; path = AudioDiary.app; sourceTree = BUILT_PRODUCTS_DIR; };
		D1FCF2E924CC4E1800BD5477 /* AppDelegate.swift */ = {isa = PBXFileReference; lastKnownFileType = sourcecode.swift; path = AppDelegate.swift; sourceTree = "<group>"; };
		D1FCF2EB24CC4E1800BD5477 /* SceneDelegate.swift */ = {isa = PBXFileReference; lastKnownFileType = sourcecode.swift; path = SceneDelegate.swift; sourceTree = "<group>"; };
		D1FCF2F024CC4E1800BD5477 /* Base */ = {isa = PBXFileReference; lastKnownFileType = file.storyboard; name = Base; path = Base.lproj/Main.storyboard; sourceTree = "<group>"; };
		D1FCF2F324CC4E1800BD5477 /* Audio_Diary.xcdatamodel */ = {isa = PBXFileReference; lastKnownFileType = wrapper.xcdatamodel; path = Audio_Diary.xcdatamodel; sourceTree = "<group>"; };
		D1FCF2F524CC4E1C00BD5477 /* Assets.xcassets */ = {isa = PBXFileReference; lastKnownFileType = folder.assetcatalog; path = Assets.xcassets; sourceTree = "<group>"; };
		D1FCF2F824CC4E1C00BD5477 /* Base */ = {isa = PBXFileReference; lastKnownFileType = file.storyboard; name = Base; path = Base.lproj/LaunchScreen.storyboard; sourceTree = "<group>"; };
		D1FCF2FA24CC4E1C00BD5477 /* Info.plist */ = {isa = PBXFileReference; lastKnownFileType = text.plist.xml; path = Info.plist; sourceTree = "<group>"; };
		D1FCF30024CECD7B00BD5477 /* RecordViewController.swift */ = {isa = PBXFileReference; lastKnownFileType = sourcecode.swift; path = RecordViewController.swift; sourceTree = "<group>"; };
		D1FCF30224CECD8A00BD5477 /* RecordingsViewController.swift */ = {isa = PBXFileReference; lastKnownFileType = sourcecode.swift; path = RecordingsViewController.swift; sourceTree = "<group>"; };
		D1FCF30424CECD9B00BD5477 /* StatsViewController.swift */ = {isa = PBXFileReference; lastKnownFileType = sourcecode.swift; path = StatsViewController.swift; sourceTree = "<group>"; };
		D1FCF30624CECDD300BD5477 /* DetailedRecordingViewController.swift */ = {isa = PBXFileReference; lastKnownFileType = sourcecode.swift; path = DetailedRecordingViewController.swift; sourceTree = "<group>"; };
/* End PBXFileReference section */

/* Begin PBXFrameworksBuildPhase section */
		D1FCF2E324CC4E1800BD5477 /* Frameworks */ = {
			isa = PBXFrameworksBuildPhase;
			buildActionMask = 2147483647;
			files = (
			);
			runOnlyForDeploymentPostprocessing = 0;
		};
/* End PBXFrameworksBuildPhase section */

/* Begin PBXGroup section */
		D1835FEF24D0CF510035E791 /* Model */ = {
			isa = PBXGroup;
			children = (
				D183600E24D2B9710035E791 /* AudioItem+CoreDataClass.swift */,
				D183600F24D2B9710035E791 /* AudioItem+CoreDataProperties.swift */,
			);
			path = Model;
			sourceTree = "<group>";
		};
		D1835FFA24D1A5EB0035E791 /* ML */ = {
			isa = PBXGroup;
			children = (
				D1835FFD24D1A8420035E791 /* SentimentClassificationService.swift */,
				D1835FFF24D1A85B0035E791 /* VKSentimentAnalysis.mlmodel */,
			);
			path = ML;
			sourceTree = "<group>";
		};
		D183600524D1B4440035E791 /* Views */ = {
			isa = PBXGroup;
			children = (
				D183600624D1B48A0035E791 /* RecordedItemTableViewCell.swift */,
			);
			path = Views;
			sourceTree = "<group>";
		};
		D1FCF2DD24CC4E1800BD5477 = {
			isa = PBXGroup;
			children = (
				D1FCF2E824CC4E1800BD5477 /* Audio Diary */,
				D1FCF2E724CC4E1800BD5477 /* Products */,
			);
			sourceTree = "<group>";
		};
		D1FCF2E724CC4E1800BD5477 /* Products */ = {
			isa = PBXGroup;
			children = (
				D1FCF2E624CC4E1800BD5477 /* AudioDiary.app */,
			);
			name = Products;
			sourceTree = "<group>";
		};
		D1FCF2E824CC4E1800BD5477 /* Audio Diary */ = {
			isa = PBXGroup;
			children = (
				D183600524D1B4440035E791 /* Views */,
				D1835FFA24D1A5EB0035E791 /* ML */,
				D1835FEF24D0CF510035E791 /* Model */,
				D1FCF30824CECDD900BD5477 /* View Controllers */,
				D1FCF2E924CC4E1800BD5477 /* AppDelegate.swift */,
				D1FCF2EB24CC4E1800BD5477 /* SceneDelegate.swift */,
				D1FCF2EF24CC4E1800BD5477 /* Main.storyboard */,
				D1FCF2F524CC4E1C00BD5477 /* Assets.xcassets */,
				D1FCF2F724CC4E1C00BD5477 /* LaunchScreen.storyboard */,
				D1FCF2FA24CC4E1C00BD5477 /* Info.plist */,
				D1FCF2F224CC4E1800BD5477 /* Audio_Diary.xcdatamodeld */,
				D1835FF824D174CB0035E791 /* Constants.swift */,
			);
			path = "Audio Diary";
			sourceTree = "<group>";
		};
		D1FCF30824CECDD900BD5477 /* View Controllers */ = {
			isa = PBXGroup;
			children = (
				D1FCF30024CECD7B00BD5477 /* RecordViewController.swift */,
				D1FCF30224CECD8A00BD5477 /* RecordingsViewController.swift */,
				D1FCF30424CECD9B00BD5477 /* StatsViewController.swift */,
				D1FCF30624CECDD300BD5477 /* DetailedRecordingViewController.swift */,
				D1835FE724CF83760035E791 /* TabBarController.swift */,
			);
			path = "View Controllers";
			sourceTree = "<group>";
		};
/* End PBXGroup section */

/* Begin PBXNativeTarget section */
		D1FCF2E524CC4E1800BD5477 /* AudioDiary */ = {
			isa = PBXNativeTarget;
			buildConfigurationList = D1FCF2FD24CC4E1C00BD5477 /* Build configuration list for PBXNativeTarget "AudioDiary" */;
			buildPhases = (
				D1FCF2E224CC4E1800BD5477 /* Sources */,
				D1FCF2E324CC4E1800BD5477 /* Frameworks */,
				D1FCF2E424CC4E1800BD5477 /* Resources */,
			);
			buildRules = (
			);
			dependencies = (
			);
			name = AudioDiary;
			productName = "Audio Diary";
			productReference = D1FCF2E624CC4E1800BD5477 /* AudioDiary.app */;
			productType = "com.apple.product-type.application";
		};
/* End PBXNativeTarget section */

/* Begin PBXProject section */
		D1FCF2DE24CC4E1800BD5477 /* Project object */ = {
			isa = PBXProject;
			attributes = {
				LastSwiftUpdateCheck = 1160;
				LastUpgradeCheck = 1160;
				ORGANIZATIONNAME = "Romeno Wenogk Fernando";
				TargetAttributes = {
					D1FCF2E524CC4E1800BD5477 = {
						CreatedOnToolsVersion = 11.6;
					};
				};
			};
			buildConfigurationList = D1FCF2E124CC4E1800BD5477 /* Build configuration list for PBXProject "AudioDiary" */;
			compatibilityVersion = "Xcode 9.3";
			developmentRegion = en;
			hasScannedForEncodings = 0;
			knownRegions = (
				en,
				Base,
			);
			mainGroup = D1FCF2DD24CC4E1800BD5477;
			productRefGroup = D1FCF2E724CC4E1800BD5477 /* Products */;
			projectDirPath = "";
			projectRoot = "";
			targets = (
				D1FCF2E524CC4E1800BD5477 /* AudioDiary */,
			);
		};
/* End PBXProject section */

/* Begin PBXResourcesBuildPhase section */
		D1FCF2E424CC4E1800BD5477 /* Resources */ = {
			isa = PBXResourcesBuildPhase;
			buildActionMask = 2147483647;
			files = (
				D1FCF2F924CC4E1C00BD5477 /* LaunchScreen.storyboard in Resources */,
				D1FCF2F624CC4E1C00BD5477 /* Assets.xcassets in Resources */,
				D1FCF2F124CC4E1800BD5477 /* Main.storyboard in Resources */,
			);
			runOnlyForDeploymentPostprocessing = 0;
		};
/* End PBXResourcesBuildPhase section */

/* Begin PBXSourcesBuildPhase section */
		D1FCF2E224CC4E1800BD5477 /* Sources */ = {
			isa = PBXSourcesBuildPhase;
			buildActionMask = 2147483647;
			files = (
				D1FCF30724CECDD300BD5477 /* DetailedRecordingViewController.swift in Sources */,
				D1835FF924D174CB0035E791 /* Constants.swift in Sources */,
				D1835FE824CF83760035E791 /* TabBarController.swift in Sources */,
				D1FCF2EA24CC4E1800BD5477 /* AppDelegate.swift in Sources */,
				D183600024D1A85B0035E791 /* VKSentimentAnalysis.mlmodel in Sources */,
				D183601024D2B9710035E791 /* AudioItem+CoreDataClass.swift in Sources */,
				D1FCF2F424CC4E1800BD5477 /* Audio_Diary.xcdatamodeld in Sources */,
				D183600724D1B48A0035E791 /* RecordedItemTableViewCell.swift in Sources */,
				D1835FFE24D1A8420035E791 /* SentimentClassificationService.swift in Sources */,
				D183601124D2B9710035E791 /* AudioItem+CoreDataProperties.swift in Sources */,
				D1FCF2EC24CC4E1800BD5477 /* SceneDelegate.swift in Sources */,
				D1FCF30124CECD7B00BD5477 /* RecordViewController.swift in Sources */,
				D1FCF30524CECD9B00BD5477 /* StatsViewController.swift in Sources */,
				D1FCF30324CECD8A00BD5477 /* RecordingsViewController.swift in Sources */,
			);
			runOnlyForDeploymentPostprocessing = 0;
		};
/* End PBXSourcesBuildPhase section */

/* Begin PBXVariantGroup section */
		D1FCF2EF24CC4E1800BD5477 /* Main.storyboard */ = {
			isa = PBXVariantGroup;
			children = (
				D1FCF2F024CC4E1800BD5477 /* Base */,
			);
			name = Main.storyboard;
			sourceTree = "<group>";
		};
		D1FCF2F724CC4E1C00BD5477 /* LaunchScreen.storyboard */ = {
			isa = PBXVariantGroup;
			children = (
				D1FCF2F824CC4E1C00BD5477 /* Base */,
			);
			name = LaunchScreen.storyboard;
			sourceTree = "<group>";
		};
/* End PBXVariantGroup section */

/* Begin XCBuildConfiguration section */
		D1FCF2FB24CC4E1C00BD5477 /* Debug */ = {
			isa = XCBuildConfiguration;
			buildSettings = {
				ALWAYS_SEARCH_USER_PATHS = NO;
				CLANG_ANALYZER_NONNULL = YES;
				CLANG_ANALYZER_NUMBER_OBJECT_CONVERSION = YES_AGGRESSIVE;
				CLANG_CXX_LANGUAGE_STANDARD = "gnu++14";
				CLANG_CXX_LIBRARY = "libc++";
				CLANG_ENABLE_MODULES = YES;
				CLANG_ENABLE_OBJC_ARC = YES;
				CLANG_ENABLE_OBJC_WEAK = YES;
				CLANG_WARN_BLOCK_CAPTURE_AUTORELEASING = YES;
				CLANG_WARN_BOOL_CONVERSION = YES;
				CLANG_WARN_COMMA = YES;
				CLANG_WARN_CONSTANT_CONVERSION = YES;
				CLANG_WARN_DEPRECATED_OBJC_IMPLEMENTATIONS = YES;
				CLANG_WARN_DIRECT_OBJC_ISA_USAGE = YES_ERROR;
				CLANG_WARN_DOCUMENTATION_COMMENTS = YES;
				CLANG_WARN_EMPTY_BODY = YES;
				CLANG_WARN_ENUM_CONVERSION = YES;
				CLANG_WARN_INFINITE_RECURSION = YES;
				CLANG_WARN_INT_CONVERSION = YES;
				CLANG_WARN_NON_LITERAL_NULL_CONVERSION = YES;
				CLANG_WARN_OBJC_IMPLICIT_RETAIN_SELF = YES;
				CLANG_WARN_OBJC_LITERAL_CONVERSION = YES;
				CLANG_WARN_OBJC_ROOT_CLASS = YES_ERROR;
				CLANG_WARN_RANGE_LOOP_ANALYSIS = YES;
				CLANG_WARN_STRICT_PROTOTYPES = YES;
				CLANG_WARN_SUSPICIOUS_MOVE = YES;
				CLANG_WARN_UNGUARDED_AVAILABILITY = YES_AGGRESSIVE;
				CLANG_WARN_UNREACHABLE_CODE = YES;
				CLANG_WARN__DUPLICATE_METHOD_MATCH = YES;
				COPY_PHASE_STRIP = NO;
				DEBUG_INFORMATION_FORMAT = dwarf;
				ENABLE_STRICT_OBJC_MSGSEND = YES;
				ENABLE_TESTABILITY = YES;
				GCC_C_LANGUAGE_STANDARD = gnu11;
				GCC_DYNAMIC_NO_PIC = NO;
				GCC_NO_COMMON_BLOCKS = YES;
				GCC_OPTIMIZATION_LEVEL = 0;
				GCC_PREPROCESSOR_DEFINITIONS = (
					"DEBUG=1",
					"$(inherited)",
				);
				GCC_WARN_64_TO_32_BIT_CONVERSION = YES;
				GCC_WARN_ABOUT_RETURN_TYPE = YES_ERROR;
				GCC_WARN_UNDECLARED_SELECTOR = YES;
				GCC_WARN_UNINITIALIZED_AUTOS = YES_AGGRESSIVE;
				GCC_WARN_UNUSED_FUNCTION = YES;
				GCC_WARN_UNUSED_VARIABLE = YES;
				IPHONEOS_DEPLOYMENT_TARGET = 13.6;
				MTL_ENABLE_DEBUG_INFO = INCLUDE_SOURCE;
				MTL_FAST_MATH = YES;
				ONLY_ACTIVE_ARCH = YES;
				SDKROOT = iphoneos;
				SWIFT_ACTIVE_COMPILATION_CONDITIONS = DEBUG;
				SWIFT_OPTIMIZATION_LEVEL = "-Onone";
			};
			name = Debug;
		};
		D1FCF2FC24CC4E1C00BD5477 /* Release */ = {
			isa = XCBuildConfiguration;
			buildSettings = {
				ALWAYS_SEARCH_USER_PATHS = NO;
				CLANG_ANALYZER_NONNULL = YES;
				CLANG_ANALYZER_NUMBER_OBJECT_CONVERSION = YES_AGGRESSIVE;
				CLANG_CXX_LANGUAGE_STANDARD = "gnu++14";
				CLANG_CXX_LIBRARY = "libc++";
				CLANG_ENABLE_MODULES = YES;
				CLANG_ENABLE_OBJC_ARC = YES;
				CLANG_ENABLE_OBJC_WEAK = YES;
				CLANG_WARN_BLOCK_CAPTURE_AUTORELEASING = YES;
				CLANG_WARN_BOOL_CONVERSION = YES;
				CLANG_WARN_COMMA = YES;
				CLANG_WARN_CONSTANT_CONVERSION = YES;
				CLANG_WARN_DEPRECATED_OBJC_IMPLEMENTATIONS = YES;
				CLANG_WARN_DIRECT_OBJC_ISA_USAGE = YES_ERROR;
				CLANG_WARN_DOCUMENTATION_COMMENTS = YES;
				CLANG_WARN_EMPTY_BODY = YES;
				CLANG_WARN_ENUM_CONVERSION = YES;
				CLANG_WARN_INFINITE_RECURSION = YES;
				CLANG_WARN_INT_CONVERSION = YES;
				CLANG_WARN_NON_LITERAL_NULL_CONVERSION = YES;
				CLANG_WARN_OBJC_IMPLICIT_RETAIN_SELF = YES;
				CLANG_WARN_OBJC_LITERAL_CONVERSION = YES;
				CLANG_WARN_OBJC_ROOT_CLASS = YES_ERROR;
				CLANG_WARN_RANGE_LOOP_ANALYSIS = YES;
				CLANG_WARN_STRICT_PROTOTYPES = YES;
				CLANG_WARN_SUSPICIOUS_MOVE = YES;
				CLANG_WARN_UNGUARDED_AVAILABILITY = YES_AGGRESSIVE;
				CLANG_WARN_UNREACHABLE_CODE = YES;
				CLANG_WARN__DUPLICATE_METHOD_MATCH = YES;
				COPY_PHASE_STRIP = NO;
				DEBUG_INFORMATION_FORMAT = "dwarf-with-dsym";
				ENABLE_NS_ASSERTIONS = NO;
				ENABLE_STRICT_OBJC_MSGSEND = YES;
				GCC_C_LANGUAGE_STANDARD = gnu11;
				GCC_NO_COMMON_BLOCKS = YES;
				GCC_WARN_64_TO_32_BIT_CONVERSION = YES;
				GCC_WARN_ABOUT_RETURN_TYPE = YES_ERROR;
				GCC_WARN_UNDECLARED_SELECTOR = YES;
				GCC_WARN_UNINITIALIZED_AUTOS = YES_AGGRESSIVE;
				GCC_WARN_UNUSED_FUNCTION = YES;
				GCC_WARN_UNUSED_VARIABLE = YES;
				IPHONEOS_DEPLOYMENT_TARGET = 13.6;
				MTL_ENABLE_DEBUG_INFO = NO;
				MTL_FAST_MATH = YES;
				SDKROOT = iphoneos;
				SWIFT_COMPILATION_MODE = wholemodule;
				SWIFT_OPTIMIZATION_LEVEL = "-O";
				VALIDATE_PRODUCT = YES;
			};
			name = Release;
		};
		D1FCF2FE24CC4E1C00BD5477 /* Debug */ = {
			isa = XCBuildConfiguration;
			buildSettings = {
				ASSETCATALOG_COMPILER_APPICON_NAME = AppIcon;
				CODE_SIGN_STYLE = Automatic;
				INFOPLIST_FILE = "Audio Diary/Info.plist";
				LD_RUNPATH_SEARCH_PATHS = (
					"$(inherited)",
					"@executable_path/Frameworks",
				);
				PRODUCT_BUNDLE_IDENTIFIER = "com.wenogk.Audio-Diary";
				PRODUCT_NAME = AudioDiary;
				SWIFT_VERSION = 5.0;
				TARGETED_DEVICE_FAMILY = "1,2";
			};
			name = Debug;
		};
		D1FCF2FF24CC4E1C00BD5477 /* Release */ = {
			isa = XCBuildConfiguration;
			buildSettings = {
				ASSETCATALOG_COMPILER_APPICON_NAME = AppIcon;
				CODE_SIGN_STYLE = Automatic;
				INFOPLIST_FILE = "Audio Diary/Info.plist";
				LD_RUNPATH_SEARCH_PATHS = (
					"$(inherited)",
					"@executable_path/Frameworks",
				);
				PRODUCT_BUNDLE_IDENTIFIER = "com.wenogk.Audio-Diary";
				PRODUCT_NAME = AudioDiary;
				SWIFT_VERSION = 5.0;
				TARGETED_DEVICE_FAMILY = "1,2";
			};
			name = Release;
		};
/* End XCBuildConfiguration section */

/* Begin XCConfigurationList section */
		D1FCF2E124CC4E1800BD5477 /* Build configuration list for PBXProject "AudioDiary" */ = {
			isa = XCConfigurationList;
			buildConfigurations = (
				D1FCF2FB24CC4E1C00BD5477 /* Debug */,
				D1FCF2FC24CC4E1C00BD5477 /* Release */,
			);
			defaultConfigurationIsVisible = 0;
			defaultConfigurationName = Release;
		};
		D1FCF2FD24CC4E1C00BD5477 /* Build configuration list for PBXNativeTarget "AudioDiary" */ = {
			isa = XCConfigurationList;
			buildConfigurations = (
				D1FCF2FE24CC4E1C00BD5477 /* Debug */,
				D1FCF2FF24CC4E1C00BD5477 /* Release */,
			);
			defaultConfigurationIsVisible = 0;
			defaultConfigurationName = Release;
		};
/* End XCConfigurationList section */

/* Begin XCVersionGroup section */
		D1FCF2F224CC4E1800BD5477 /* Audio_Diary.xcdatamodeld */ = {
			isa = XCVersionGroup;
			children = (
				D1FCF2F324CC4E1800BD5477 /* Audio_Diary.xcdatamodel */,
			);
			currentVersion = D1FCF2F324CC4E1800BD5477 /* Audio_Diary.xcdatamodel */;
			path = Audio_Diary.xcdatamodeld;
			sourceTree = "<group>";
			versionGroupType = wrapper.xcdatamodel;
		};
/* End XCVersionGroup section */
	};
	rootObject = D1FCF2DE24CC4E1800BD5477 /* Project object */;
}
